
Microsoft Visual Studio Solution File, Format Version 12.00
# Visual Studio 14
VisualStudioVersion = 14.0.25420.1
MinimumVisualStudioVersion = 10.0.40219.1
Project("{FAE04EC0-301F-11D3-BF4B-00C04F79EFBC}") = "KERBERO.WCF", "KERBERO.WCF\KERBERO.WCF.csproj", "{B9847C0B-EBB2-4A49-B88F-21AB4D9E5D3C}"
EndProject
Project("{FAE04EC0-301F-11D3-BF4B-00C04F79EFBC}") = "KERBERO.WCF.ServiceContracts", "KERBERO.WCF.ServiceContracts\KERBERO.WCF.ServiceContracts.csproj", "{F03146B7-950B-490E-8F75-0B5633833170}"
EndProject
Project("{FAE04EC0-301F-11D3-BF4B-00C04F79EFBC}") = "KERBERO", "KERBERO\KERBERO.csproj", "{183AFB49-0569-4B60-A7D4-539A06DBCE41}"
EndProject
Project("{2150E333-8FDC-42A3-9474-1A3956D46DE8}") = "01.Presentación", "01.Presentación", "{BA96E939-59E9-4EE8-923F-D8DFA73B79E5}"
EndProject
Project("{2150E333-8FDC-42A3-9474-1A3956D46DE8}") = "02.Servicio", "02.Servicio", "{54CB0E8C-EC35-4D12-9D13-ED152602DC90}"
EndProject
Project("{2150E333-8FDC-42A3-9474-1A3956D46DE8}") = "03.Negocio", "03.Negocio", "{7305ADE2-F3D9-4E86-AA6B-20E9A65902BD}"
EndProject
Project("{2150E333-8FDC-42A3-9474-1A3956D46DE8}") = "05.Transversal", "05.Transversal", "{4BE85355-96FA-4400-AFC7-C75A73517D3A}"
EndProject
Project("{2150E333-8FDC-42A3-9474-1A3956D46DE8}") = "06.Tests", "06.Tests", "{90E198C7-3431-4565-9CF4-55E0C1E06D4F}"
EndProject
Project("{FAE04EC0-301F-11D3-BF4B-00C04F79EFBC}") = "KERBERO.BL.Components", "KERBERO.BL.Components\KERBERO.BL.Components.csproj", "{5CB8E4A5-8A1E-461E-B5EF-E5FC9A9CD2D4}"
EndProject
Project("{2150E333-8FDC-42A3-9474-1A3956D46DE8}") = "04. Datos", "04. Datos", "{695E79A2-F553-444A-8B8C-6671A3B17823}"
EndProject
Project("{FAE04EC0-301F-11D3-BF4B-00C04F79EFBC}") = "KERBERO.DL.Repository", "KERBERO.DL.Repository\KERBERO.DL.Repository.csproj", "{56E5C41F-0EC7-4032-93FD-CCF8AA621D94}"
EndProject
Project("{FAE04EC0-301F-11D3-BF4B-00C04F79EFBC}") = "CERBERO.Cliente", "CERBERO.Cliente\CERBERO.Cliente.csproj", "{52181E5B-7790-4D87-B23A-39DA4211990D}"
EndProject
Project("{FAE04EC0-301F-11D3-BF4B-00C04F79EFBC}") = "KERBERO.Util", "KERBERO.Util\KERBERO.Util.csproj", "{E4D0F03A-3D3D-47B4-B77F-782F5E2FB48E}"
EndProject
Global
	GlobalSection(SolutionConfigurationPlatforms) = preSolution
		Debug|Any CPU = Debug|Any CPU
		Release|Any CPU = Release|Any CPU
	EndGlobalSection
	GlobalSection(ProjectConfigurationPlatforms) = postSolution
		{B9847C0B-EBB2-4A49-B88F-21AB4D9E5D3C}.Debug|Any CPU.ActiveCfg = Debug|Any CPU
		{B9847C0B-EBB2-4A49-B88F-21AB4D9E5D3C}.Debug|Any CPU.Build.0 = Debug|Any CPU
		{B9847C0B-EBB2-4A49-B88F-21AB4D9E5D3C}.Release|Any CPU.ActiveCfg = Release|Any CPU
		{B9847C0B-EBB2-4A49-B88F-21AB4D9E5D3C}.Release|Any CPU.Build.0 = Release|Any CPU
		{F03146B7-950B-490E-8F75-0B5633833170}.Debug|Any CPU.ActiveCfg = Debug|Any CPU
		{F03146B7-950B-490E-8F75-0B5633833170}.Debug|Any CPU.Build.0 = Debug|Any CPU
		{F03146B7-950B-490E-8F75-0B5633833170}.Release|Any CPU.ActiveCfg = Release|Any CPU
		{F03146B7-950B-490E-8F75-0B5633833170}.Release|Any CPU.Build.0 = Release|Any CPU
		{183AFB49-0569-4B60-A7D4-539A06DBCE41}.Debug|Any CPU.ActiveCfg = Debug|Any CPU
		{183AFB49-0569-4B60-A7D4-539A06DBCE41}.Release|Any CPU.ActiveCfg = Release|Any CPU
		{5CB8E4A5-8A1E-461E-B5EF-E5FC9A9CD2D4}.Debug|Any CPU.ActiveCfg = Debug|Any CPU
		{5CB8E4A5-8A1E-461E-B5EF-E5FC9A9CD2D4}.Debug|Any CPU.Build.0 = Debug|Any CPU
		{5CB8E4A5-8A1E-461E-B5EF-E5FC9A9CD2D4}.Release|Any CPU.ActiveCfg = Release|Any CPU
		{5CB8E4A5-8A1E-461E-B5EF-E5FC9A9CD2D4}.Release|Any CPU.Build.0 = Release|Any CPU
		{56E5C41F-0EC7-4032-93FD-CCF8AA621D94}.Debug|Any CPU.ActiveCfg = Debug|Any CPU
		{56E5C41F-0EC7-4032-93FD-CCF8AA621D94}.Debug|Any CPU.Build.0 = Debug|Any CPU
		{56E5C41F-0EC7-4032-93FD-CCF8AA621D94}.Release|Any CPU.ActiveCfg = Release|Any CPU
		{56E5C41F-0EC7-4032-93FD-CCF8AA621D94}.Release|Any CPU.Build.0 = Release|Any CPU
		{52181E5B-7790-4D87-B23A-39DA4211990D}.Debug|Any CPU.ActiveCfg = Debug|Any CPU
		{52181E5B-7790-4D87-B23A-39DA4211990D}.Debug|Any CPU.Build.0 = Debug|Any CPU
		{52181E5B-7790-4D87-B23A-39DA4211990D}.Release|Any CPU.ActiveCfg = Release|Any CPU
		{52181E5B-7790-4D87-B23A-39DA4211990D}.Release|Any CPU.Build.0 = Release|Any CPU
		{E4D0F03A-3D3D-47B4-B77F-782F5E2FB48E}.Debug|Any CPU.ActiveCfg = Debug|Any CPU
		{E4D0F03A-3D3D-47B4-B77F-782F5E2FB48E}.Debug|Any CPU.Build.0 = Debug|Any CPU
		{E4D0F03A-3D3D-47B4-B77F-782F5E2FB48E}.Release|Any CPU.ActiveCfg = Release|Any CPU
		{E4D0F03A-3D3D-47B4-B77F-782F5E2FB48E}.Release|Any CPU.Build.0 = Release|Any CPU
	EndGlobalSection
	GlobalSection(SolutionProperties) = preSolution
		HideSolutionNode = FALSE
	EndGlobalSection
	GlobalSection(NestedProjects) = preSolution
		{B9847C0B-EBB2-4A49-B88F-21AB4D9E5D3C} = {54CB0E8C-EC35-4D12-9D13-ED152602DC90}
		{F03146B7-950B-490E-8F75-0B5633833170} = {54CB0E8C-EC35-4D12-9D13-ED152602DC90}
		{183AFB49-0569-4B60-A7D4-539A06DBCE41} = {BA96E939-59E9-4EE8-923F-D8DFA73B79E5}
		{5CB8E4A5-8A1E-461E-B5EF-E5FC9A9CD2D4} = {7305ADE2-F3D9-4E86-AA6B-20E9A65902BD}
		{56E5C41F-0EC7-4032-93FD-CCF8AA621D94} = {695E79A2-F553-444A-8B8C-6671A3B17823}
		{52181E5B-7790-4D87-B23A-39DA4211990D} = {54CB0E8C-EC35-4D12-9D13-ED152602DC90}
		{E4D0F03A-3D3D-47B4-B77F-782F5E2FB48E} = {4BE85355-96FA-4400-AFC7-C75A73517D3A}
	EndGlobalSection
EndGlobal
